
Microsoft Visual Studio Solution File, Format Version 12.00
# Visual Studio 15
VisualStudioVersion = 15.0.27703.2026
MinimumVisualStudioVersion = 10.0.40219.1
Project("{FAE04EC0-301F-11D3-BF4B-00C04F79EFBC}") = "wpf_treeview_impl", "wpf_treeview_impl\wpf_treeview_impl.csproj", "{868C3092-CEC3-4CAB-8613-C6961DFF87DC}"
EndProject
Global
	GlobalSection(SolutionConfigurationPlatforms) = preSolution
		Debug|Any CPU = Debug|Any CPU
		Release|Any CPU = Release|Any CPU
	EndGlobalSection
	GlobalSection(ProjectConfigurationPlatforms) = postSolution
		{868C3092-CEC3-4CAB-8613-C6961DFF87DC}.Debug|Any CPU.ActiveCfg = Debug|Any CPU
		{868C3092-CEC3-4CAB-8613-C6961DFF87DC}.Debug|Any CPU.Build.0 = Debug|Any CPU
		{868C3092-CEC3-4CAB-8613-C6961DFF87DC}.Release|Any CPU.ActiveCfg = Release|Any CPU
		{868C3092-CEC3-4CAB-8613-C6961DFF87DC}.Release|Any CPU.Build.0 = Release|Any CPU
	EndGlobalSection
	GlobalSection(SolutionProperties) = preSolution
		HideSolutionNode = FALSE
	EndGlobalSection
	GlobalSection(ExtensibilityGlobals) = postSolution
		SolutionGuid = {216E2392-FC2A-4703-9CC2-AE7992E7A66C}
	EndGlobalSection
EndGlobal
